
Microsoft Visual Studio Solution File, Format Version 11.00
# Visual Studio 2010
Project("{FAE04EC0-301F-11D3-BF4B-00C04F79EFBC}") = "Web", "Web\Web.csproj", "{E91EA7E0-46DD-43C1-B514-341338E69392}"
EndProject
Project("{FAE04EC0-301F-11D3-BF4B-00C04F79EFBC}") = "Voodoo.Basement", "Voodoo.Basement\Voodoo.Basement.csproj", "{DBF00E90-7517-477A-AD42-6539622A3AF8}"
EndProject
Project("{FAE04EC0-301F-11D3-BF4B-00C04F79EFBC}") = "Voodoo.Model", "Voodoo.Model\Voodoo.Model.csproj", "{5C8CB1AB-C4DC-4B43-8BAC-8D1AD1FFF3CA}"
EndProject
Project("{FAE04EC0-301F-11D3-BF4B-00C04F79EFBC}") = "Voodoo.DAL", "Voodoo.DAL\Voodoo.DAL.csproj", "{3339D124-C24D-420C-9AB1-DBC638912672}"
EndProject
Project("{FAE04EC0-301F-11D3-BF4B-00C04F79EFBC}") = "Voodoo.Setting", "Voodoo.Setting\Voodoo.Setting.csproj", "{EB265D9F-9F2C-4408-9EC1-A6C4EB2AA44F}"
EndProject
Project("{FAE04EC0-301F-11D3-BF4B-00C04F79EFBC}") = "Voodoo", "..\voodoo\Voodoo.csproj", "{CF4C09DC-B002-4A0D-856B-DCD5E3719213}"
EndProject
Project("{FAE04EC0-301F-11D3-BF4B-00C04F79EFBC}") = "KCMDCollector", "KCMDCollector\KCMDCollector.csproj", "{28790D6F-A41B-49E1-9AB9-7B2C6C2ADF68}"
EndProject
Project("{FAE04EC0-301F-11D3-BF4B-00C04F79EFBC}") = "SimpleCollector", "SimpleCollector\SimpleCollector.csproj", "{A47993C7-5614-497D-8C3C-0E84F8E61C06}"
EndProject
Global
	GlobalSection(SolutionConfigurationPlatforms) = preSolution
		Debug|Any CPU = Debug|Any CPU
		Debug|Mixed Platforms = Debug|Mixed Platforms
		Debug|x86 = Debug|x86
		Release|Any CPU = Release|Any CPU
		Release|Mixed Platforms = Release|Mixed Platforms
		Release|x86 = Release|x86
	EndGlobalSection
	GlobalSection(ProjectConfigurationPlatforms) = postSolution
		{E91EA7E0-46DD-43C1-B514-341338E69392}.Debug|Any CPU.ActiveCfg = Debug|Any CPU
		{E91EA7E0-46DD-43C1-B514-341338E69392}.Debug|Any CPU.Build.0 = Debug|Any CPU
		{E91EA7E0-46DD-43C1-B514-341338E69392}.Debug|Mixed Platforms.ActiveCfg = Debug|Any CPU
		{E91EA7E0-46DD-43C1-B514-341338E69392}.Debug|Mixed Platforms.Build.0 = Debug|Any CPU
		{E91EA7E0-46DD-43C1-B514-341338E69392}.Debug|x86.ActiveCfg = Debug|Any CPU
		{E91EA7E0-46DD-43C1-B514-341338E69392}.Release|Any CPU.ActiveCfg = Release|Any CPU
		{E91EA7E0-46DD-43C1-B514-341338E69392}.Release|Any CPU.Build.0 = Release|Any CPU
		{E91EA7E0-46DD-43C1-B514-341338E69392}.Release|Mixed Platforms.ActiveCfg = Release|Any CPU
		{E91EA7E0-46DD-43C1-B514-341338E69392}.Release|Mixed Platforms.Build.0 = Release|Any CPU
		{E91EA7E0-46DD-43C1-B514-341338E69392}.Release|x86.ActiveCfg = Release|Any CPU
		{DBF00E90-7517-477A-AD42-6539622A3AF8}.Debug|Any CPU.ActiveCfg = Debug|Any CPU
		{DBF00E90-7517-477A-AD42-6539622A3AF8}.Debug|Any CPU.Build.0 = Debug|Any CPU
		{DBF00E90-7517-477A-AD42-6539622A3AF8}.Debug|Mixed Platforms.ActiveCfg = Debug|Any CPU
		{DBF00E90-7517-477A-AD42-6539622A3AF8}.Debug|Mixed Platforms.Build.0 = Debug|Any CPU
		{DBF00E90-7517-477A-AD42-6539622A3AF8}.Debug|x86.ActiveCfg = Debug|Any CPU
		{DBF00E90-7517-477A-AD42-6539622A3AF8}.Release|Any CPU.ActiveCfg = Release|Any CPU
		{DBF00E90-7517-477A-AD42-6539622A3AF8}.Release|Any CPU.Build.0 = Release|Any CPU
		{DBF00E90-7517-477A-AD42-6539622A3AF8}.Release|Mixed Platforms.ActiveCfg = Release|Any CPU
		{DBF00E90-7517-477A-AD42-6539622A3AF8}.Release|Mixed Platforms.Build.0 = Release|Any CPU
		{DBF00E90-7517-477A-AD42-6539622A3AF8}.Release|x86.ActiveCfg = Release|Any CPU
		{5C8CB1AB-C4DC-4B43-8BAC-8D1AD1FFF3CA}.Debug|Any CPU.ActiveCfg = Debug|Any CPU
		{5C8CB1AB-C4DC-4B43-8BAC-8D1AD1FFF3CA}.Debug|Any CPU.Build.0 = Debug|Any CPU
		{5C8CB1AB-C4DC-4B43-8BAC-8D1AD1FFF3CA}.Debug|Mixed Platforms.ActiveCfg = Debug|Any CPU
		{5C8CB1AB-C4DC-4B43-8BAC-8D1AD1FFF3CA}.Debug|Mixed Platforms.Build.0 = Debug|Any CPU
		{5C8CB1AB-C4DC-4B43-8BAC-8D1AD1FFF3CA}.Debug|x86.ActiveCfg = Debug|Any CPU
		{5C8CB1AB-C4DC-4B43-8BAC-8D1AD1FFF3CA}.Release|Any CPU.ActiveCfg = Release|Any CPU
		{5C8CB1AB-C4DC-4B43-8BAC-8D1AD1FFF3CA}.Release|Any CPU.Build.0 = Release|Any CPU
		{5C8CB1AB-C4DC-4B43-8BAC-8D1AD1FFF3CA}.Release|Mixed Platforms.ActiveCfg = Release|Any CPU
		{5C8CB1AB-C4DC-4B43-8BAC-8D1AD1FFF3CA}.Release|Mixed Platforms.Build.0 = Release|Any CPU
		{5C8CB1AB-C4DC-4B43-8BAC-8D1AD1FFF3CA}.Release|x86.ActiveCfg = Release|Any CPU
		{3339D124-C24D-420C-9AB1-DBC638912672}.Debug|Any CPU.ActiveCfg = Debug|Any CPU
		{3339D124-C24D-420C-9AB1-DBC638912672}.Debug|Any CPU.Build.0 = Debug|Any CPU
		{3339D124-C24D-420C-9AB1-DBC638912672}.Debug|Mixed Platforms.ActiveCfg = Debug|Any CPU
		{3339D124-C24D-420C-9AB1-DBC638912672}.Debug|Mixed Platforms.Build.0 = Debug|Any CPU
		{3339D124-C24D-420C-9AB1-DBC638912672}.Debug|x86.ActiveCfg = Debug|Any CPU
		{3339D124-C24D-420C-9AB1-DBC638912672}.Release|Any CPU.ActiveCfg = Release|Any CPU
		{3339D124-C24D-420C-9AB1-DBC638912672}.Release|Any CPU.Build.0 = Release|Any CPU
		{3339D124-C24D-420C-9AB1-DBC638912672}.Release|Mixed Platforms.ActiveCfg = Release|Any CPU
		{3339D124-C24D-420C-9AB1-DBC638912672}.Release|Mixed Platforms.Build.0 = Release|Any CPU
		{3339D124-C24D-420C-9AB1-DBC638912672}.Release|x86.ActiveCfg = Release|Any CPU
		{EB265D9F-9F2C-4408-9EC1-A6C4EB2AA44F}.Debug|Any CPU.ActiveCfg = Debug|Any CPU
		{EB265D9F-9F2C-4408-9EC1-A6C4EB2AA44F}.Debug|Any CPU.Build.0 = Debug|Any CPU
		{EB265D9F-9F2C-4408-9EC1-A6C4EB2AA44F}.Debug|Mixed Platforms.ActiveCfg = Debug|Any CPU
		{EB265D9F-9F2C-4408-9EC1-A6C4EB2AA44F}.Debug|Mixed Platforms.Build.0 = Debug|Any CPU
		{EB265D9F-9F2C-4408-9EC1-A6C4EB2AA44F}.Debug|x86.ActiveCfg = Debug|Any CPU
		{EB265D9F-9F2C-4408-9EC1-A6C4EB2AA44F}.Release|Any CPU.ActiveCfg = Release|Any CPU
		{EB265D9F-9F2C-4408-9EC1-A6C4EB2AA44F}.Release|Any CPU.Build.0 = Release|Any CPU
		{EB265D9F-9F2C-4408-9EC1-A6C4EB2AA44F}.Release|Mixed Platforms.ActiveCfg = Release|Any CPU
		{EB265D9F-9F2C-4408-9EC1-A6C4EB2AA44F}.Release|Mixed Platforms.Build.0 = Release|Any CPU
		{EB265D9F-9F2C-4408-9EC1-A6C4EB2AA44F}.Release|x86.ActiveCfg = Release|Any CPU
		{CF4C09DC-B002-4A0D-856B-DCD5E3719213}.Debug|Any CPU.ActiveCfg = Debug|Any CPU
		{CF4C09DC-B002-4A0D-856B-DCD5E3719213}.Debug|Any CPU.Build.0 = Debug|Any CPU
		{CF4C09DC-B002-4A0D-856B-DCD5E3719213}.Debug|Mixed Platforms.ActiveCfg = Debug|Any CPU
		{CF4C09DC-B002-4A0D-856B-DCD5E3719213}.Debug|Mixed Platforms.Build.0 = Debug|Any CPU
		{CF4C09DC-B002-4A0D-856B-DCD5E3719213}.Debug|x86.ActiveCfg = Debug|Any CPU
		{CF4C09DC-B002-4A0D-856B-DCD5E3719213}.Release|Any CPU.ActiveCfg = Release|Any CPU
		{CF4C09DC-B002-4A0D-856B-DCD5E3719213}.Release|Any CPU.Build.0 = Release|Any CPU
		{CF4C09DC-B002-4A0D-856B-DCD5E3719213}.Release|Mixed Platforms.ActiveCfg = Release|Any CPU
		{CF4C09DC-B002-4A0D-856B-DCD5E3719213}.Release|Mixed Platforms.Build.0 = Release|Any CPU
		{CF4C09DC-B002-4A0D-856B-DCD5E3719213}.Release|x86.ActiveCfg = Release|Any CPU
		{28790D6F-A41B-49E1-9AB9-7B2C6C2ADF68}.Debug|Any CPU.ActiveCfg = Debug|Any CPU
		{28790D6F-A41B-49E1-9AB9-7B2C6C2ADF68}.Debug|Any CPU.Build.0 = Debug|Any CPU
		{28790D6F-A41B-49E1-9AB9-7B2C6C2ADF68}.Debug|Mixed Platforms.ActiveCfg = Debug|Any CPU
		{28790D6F-A41B-49E1-9AB9-7B2C6C2ADF68}.Debug|Mixed Platforms.Build.0 = Debug|Any CPU
		{28790D6F-A41B-49E1-9AB9-7B2C6C2ADF68}.Debug|x86.ActiveCfg = Debug|Any CPU
		{28790D6F-A41B-49E1-9AB9-7B2C6C2ADF68}.Release|Any CPU.ActiveCfg = Release|Any CPU
		{28790D6F-A41B-49E1-9AB9-7B2C6C2ADF68}.Release|Any CPU.Build.0 = Release|Any CPU
		{28790D6F-A41B-49E1-9AB9-7B2C6C2ADF68}.Release|Mixed Platforms.ActiveCfg = Release|Any CPU
		{28790D6F-A41B-49E1-9AB9-7B2C6C2ADF68}.Release|Mixed Platforms.Build.0 = Release|Any CPU
		{28790D6F-A41B-49E1-9AB9-7B2C6C2ADF68}.Release|x86.ActiveCfg = Release|Any CPU
		{A47993C7-5614-497D-8C3C-0E84F8E61C06}.Debug|Any CPU.ActiveCfg = Debug|x86
		{A47993C7-5614-497D-8C3C-0E84F8E61C06}.Debug|Mixed Platforms.ActiveCfg = Debug|x86
		{A47993C7-5614-497D-8C3C-0E84F8E61C06}.Debug|Mixed Platforms.Build.0 = Debug|x86
		{A47993C7-5614-497D-8C3C-0E84F8E61C06}.Debug|x86.ActiveCfg = Debug|x86
		{A47993C7-5614-497D-8C3C-0E84F8E61C06}.Debug|x86.Build.0 = Debug|x86
		{A47993C7-5614-497D-8C3C-0E84F8E61C06}.Release|Any CPU.ActiveCfg = Release|x86
		{A47993C7-5614-497D-8C3C-0E84F8E61C06}.Release|Mixed Platforms.ActiveCfg = Release|x86
		{A47993C7-5614-497D-8C3C-0E84F8E61C06}.Release|Mixed Platforms.Build.0 = Release|x86
		{A47993C7-5614-497D-8C3C-0E84F8E61C06}.Release|x86.ActiveCfg = Release|x86
		{A47993C7-5614-497D-8C3C-0E84F8E61C06}.Release|x86.Build.0 = Release|x86
	EndGlobalSection
	GlobalSection(SolutionProperties) = preSolution
		HideSolutionNode = FALSE
	EndGlobalSection
	GlobalSection(PowerDesigner) = preSolution
		HasSWS = 1
	EndGlobalSection
EndGlobal
