
Microsoft Visual Studio Solution File, Format Version 10.00
# Visual Studio 2008
Project("{FAE04EC0-301F-11D3-BF4B-00C04F79EFBC}") = "Web", "Web\Web.csproj", "{E91EA7E0-46DD-43C1-B514-341338E69392}"
EndProject
Project("{FAE04EC0-301F-11D3-BF4B-00C04F79EFBC}") = "Voodoo.Basement", "Voodoo.Basement\Voodoo.Basement.csproj", "{DBF00E90-7517-477A-AD42-6539622A3AF8}"
EndProject
Project("{FAE04EC0-301F-11D3-BF4B-00C04F79EFBC}") = "Voodoo.Model", "Voodoo.Model\Voodoo.Model.csproj", "{5C8CB1AB-C4DC-4B43-8BAC-8D1AD1FFF3CA}"
EndProject
Project("{FAE04EC0-301F-11D3-BF4B-00C04F79EFBC}") = "Voodoo.DAL", "Voodoo.DAL\Voodoo.DAL.csproj", "{3339D124-C24D-420C-9AB1-DBC638912672}"
EndProject
Project("{FAE04EC0-301F-11D3-BF4B-00C04F79EFBC}") = "Voodoo.Setting", "Voodoo.Setting\Voodoo.Setting.csproj", "{EB265D9F-9F2C-4408-9EC1-A6C4EB2AA44F}"
EndProject
Project("{FAE04EC0-301F-11D3-BF4B-00C04F79EFBC}") = "Voodoo", "..\..\..\..\Voodoo\Voodoo.csproj", "{CF4C09DC-B002-4A0D-856B-DCD5E3719213}"
EndProject
Project("{FAE04EC0-301F-11D3-BF4B-00C04F79EFBC}") = "Voodoo.Html", "Voodoo.Html\Voodoo.Html.csproj", "{C8C11A2F-B50F-4FE1-AE26-F8B0AF575558}"
EndProject
Project("{FAE04EC0-301F-11D3-BF4B-00C04F79EFBC}") = "NovelCollector", "NovelCollector\NovelCollector.csproj", "{6808A398-2ECB-46A9-94C6-3C8900EFC10A}"
EndProject
Project("{FAE04EC0-301F-11D3-BF4B-00C04F79EFBC}") = "NoverCollectService", "NoverCollectService\NoverCollectService.csproj", "{D1EE16E2-0DFD-49D7-B4C1-875E3770B1F4}"
EndProject
Global
	GlobalSection(SolutionConfigurationPlatforms) = preSolution
		Debug|Any CPU = Debug|Any CPU
		Release|Any CPU = Release|Any CPU
	EndGlobalSection
	GlobalSection(ProjectConfigurationPlatforms) = postSolution
		{E91EA7E0-46DD-43C1-B514-341338E69392}.Debug|Any CPU.ActiveCfg = Debug|Any CPU
		{E91EA7E0-46DD-43C1-B514-341338E69392}.Debug|Any CPU.Build.0 = Debug|Any CPU
		{E91EA7E0-46DD-43C1-B514-341338E69392}.Release|Any CPU.ActiveCfg = Release|Any CPU
		{E91EA7E0-46DD-43C1-B514-341338E69392}.Release|Any CPU.Build.0 = Release|Any CPU
		{DBF00E90-7517-477A-AD42-6539622A3AF8}.Debug|Any CPU.ActiveCfg = Debug|Any CPU
		{DBF00E90-7517-477A-AD42-6539622A3AF8}.Debug|Any CPU.Build.0 = Debug|Any CPU
		{DBF00E90-7517-477A-AD42-6539622A3AF8}.Release|Any CPU.ActiveCfg = Release|Any CPU
		{DBF00E90-7517-477A-AD42-6539622A3AF8}.Release|Any CPU.Build.0 = Release|Any CPU
		{5C8CB1AB-C4DC-4B43-8BAC-8D1AD1FFF3CA}.Debug|Any CPU.ActiveCfg = Debug|Any CPU
		{5C8CB1AB-C4DC-4B43-8BAC-8D1AD1FFF3CA}.Debug|Any CPU.Build.0 = Debug|Any CPU
		{5C8CB1AB-C4DC-4B43-8BAC-8D1AD1FFF3CA}.Release|Any CPU.ActiveCfg = Release|Any CPU
		{5C8CB1AB-C4DC-4B43-8BAC-8D1AD1FFF3CA}.Release|Any CPU.Build.0 = Release|Any CPU
		{3339D124-C24D-420C-9AB1-DBC638912672}.Debug|Any CPU.ActiveCfg = Debug|Any CPU
		{3339D124-C24D-420C-9AB1-DBC638912672}.Debug|Any CPU.Build.0 = Debug|Any CPU
		{3339D124-C24D-420C-9AB1-DBC638912672}.Release|Any CPU.ActiveCfg = Release|Any CPU
		{3339D124-C24D-420C-9AB1-DBC638912672}.Release|Any CPU.Build.0 = Release|Any CPU
		{EB265D9F-9F2C-4408-9EC1-A6C4EB2AA44F}.Debug|Any CPU.ActiveCfg = Debug|Any CPU
		{EB265D9F-9F2C-4408-9EC1-A6C4EB2AA44F}.Debug|Any CPU.Build.0 = Debug|Any CPU
		{EB265D9F-9F2C-4408-9EC1-A6C4EB2AA44F}.Release|Any CPU.ActiveCfg = Release|Any CPU
		{EB265D9F-9F2C-4408-9EC1-A6C4EB2AA44F}.Release|Any CPU.Build.0 = Release|Any CPU
		{CF4C09DC-B002-4A0D-856B-DCD5E3719213}.Debug|Any CPU.ActiveCfg = Debug|Any CPU
		{CF4C09DC-B002-4A0D-856B-DCD5E3719213}.Debug|Any CPU.Build.0 = Debug|Any CPU
		{CF4C09DC-B002-4A0D-856B-DCD5E3719213}.Release|Any CPU.ActiveCfg = Release|Any CPU
		{CF4C09DC-B002-4A0D-856B-DCD5E3719213}.Release|Any CPU.Build.0 = Release|Any CPU
		{C8C11A2F-B50F-4FE1-AE26-F8B0AF575558}.Debug|Any CPU.ActiveCfg = Debug|Any CPU
		{C8C11A2F-B50F-4FE1-AE26-F8B0AF575558}.Debug|Any CPU.Build.0 = Debug|Any CPU
		{C8C11A2F-B50F-4FE1-AE26-F8B0AF575558}.Release|Any CPU.ActiveCfg = Release|Any CPU
		{C8C11A2F-B50F-4FE1-AE26-F8B0AF575558}.Release|Any CPU.Build.0 = Release|Any CPU
		{6808A398-2ECB-46A9-94C6-3C8900EFC10A}.Debug|Any CPU.ActiveCfg = Debug|Any CPU
		{6808A398-2ECB-46A9-94C6-3C8900EFC10A}.Debug|Any CPU.Build.0 = Debug|Any CPU
		{6808A398-2ECB-46A9-94C6-3C8900EFC10A}.Release|Any CPU.ActiveCfg = Release|Any CPU
		{6808A398-2ECB-46A9-94C6-3C8900EFC10A}.Release|Any CPU.Build.0 = Release|Any CPU
		{D1EE16E2-0DFD-49D7-B4C1-875E3770B1F4}.Debug|Any CPU.ActiveCfg = Debug|Any CPU
		{D1EE16E2-0DFD-49D7-B4C1-875E3770B1F4}.Debug|Any CPU.Build.0 = Debug|Any CPU
		{D1EE16E2-0DFD-49D7-B4C1-875E3770B1F4}.Release|Any CPU.ActiveCfg = Release|Any CPU
		{D1EE16E2-0DFD-49D7-B4C1-875E3770B1F4}.Release|Any CPU.Build.0 = Release|Any CPU
	EndGlobalSection
	GlobalSection(SolutionProperties) = preSolution
		HideSolutionNode = FALSE
	EndGlobalSection
	GlobalSection(PowerDesigner) = preSolution
		HasSWS = 1
	EndGlobalSection
EndGlobal
